
Microsoft Visual Studio Solution File, Format Version 12.00
# Visual Studio Version 17
VisualStudioVersion = 17.8.34330.188
MinimumVisualStudioVersion = 10.0.40219.1
Project("{9A19103F-16F7-4668-BE54-9A1E7A4F7556}") = "ExcelDataReader", "src\ExcelDataReader\ExcelDataReader.csproj", "{12243AE0-BEEE-444B-B1C5-66E25A627E4F}"
EndProject
Project("{2150E333-8FDC-42A3-9474-1A3956D46DE8}") = "src", "src", "{10C5934B-08FF-4D19-9558-3FE0A1EC3FA2}"
EndProject
Project("{2150E333-8FDC-42A3-9474-1A3956D46DE8}") = "tests", "tests", "{AF11FA83-4A26-4F43-9877-2693C241356B}"
EndProject
Project("{9A19103F-16F7-4668-BE54-9A1E7A4F7556}") = "ExcelDataReaderTests", "tests\ExcelDataReaderTests\ExcelDataReaderTests.csproj", "{85EE98E2-DC3D-4D79-9290-DECE7D02BF28}"
EndProject
Project("{2150E333-8FDC-42A3-9474-1A3956D46DE8}") = "Solution Items", "Solution Items", "{8385D0EC-FC2D-4936-B2E0-9C7C72A07167}"
	ProjectSection(SolutionItems) = preProject
		ReadMe.md = ReadMe.md
		stylecop.json = stylecop.json
	EndProjectSection
EndProject
Global
	GlobalSection(SolutionConfigurationPlatforms) = preSolution
		Debug|Any CPU = Debug|Any CPU
		Release|Any CPU = Release|Any CPU
	EndGlobalSection
	GlobalSection(ProjectConfigurationPlatforms) = postSolution
		{12243AE0-BEEE-444B-B1C5-66E25A627E4F}.Debug|Any CPU.ActiveCfg = Debug|Any CPU
		{12243AE0-BEEE-444B-B1C5-66E25A627E4F}.Debug|Any CPU.Build.0 = Debug|Any CPU
		{12243AE0-BEEE-444B-B1C5-66E25A627E4F}.Release|Any CPU.ActiveCfg = Release|Any CPU
		{12243AE0-BEEE-444B-B1C5-66E25A627E4F}.Release|Any CPU.Build.0 = Release|Any CPU
		{85EE98E2-DC3D-4D79-9290-DECE7D02BF28}.Debug|Any CPU.ActiveCfg = Debug|Any CPU
		{85EE98E2-DC3D-4D79-9290-DECE7D02BF28}.Debug|Any CPU.Build.0 = Debug|Any CPU
		{85EE98E2-DC3D-4D79-9290-DECE7D02BF28}.Release|Any CPU.ActiveCfg = Release|Any CPU
		{85EE98E2-DC3D-4D79-9290-DECE7D02BF28}.Release|Any CPU.Build.0 = Release|Any CPU
	EndGlobalSection
	GlobalSection(SolutionProperties) = preSolution
		HideSolutionNode = FALSE
	EndGlobalSection
	GlobalSection(NestedProjects) = preSolution
		{12243AE0-BEEE-444B-B1C5-66E25A627E4F} = {10C5934B-08FF-4D19-9558-3FE0A1EC3FA2}
		{85EE98E2-DC3D-4D79-9290-DECE7D02BF28} = {AF11FA83-4A26-4F43-9877-2693C241356B}
	EndGlobalSection
	GlobalSection(ExtensibilityGlobals) = postSolution
		SolutionGuid = {AABEB002-6E4F-4146-95B5-E9E2F9931621}
	EndGlobalSection
EndGlobal
